
Microsoft Visual Studio Solution File, Format Version 12.00
# Visual Studio Version 16
VisualStudioVersion = 16.0.30320.27
MinimumVisualStudioVersion = 10.0.40219.1
Project("{FAE04EC0-301F-11D3-BF4B-00C04F79EFBC}") = "GameAndChillAPI", "GameAndChillAPI\GameAndChillAPI.csproj", "{D5353FA6-1443-45B1-BA51-E0B54F0653B1}"
EndProject
Global
	GlobalSection(SolutionConfigurationPlatforms) = preSolution
		Debug|Any CPU = Debug|Any CPU
		Release|Any CPU = Release|Any CPU
	EndGlobalSection
	GlobalSection(ProjectConfigurationPlatforms) = postSolution
		{D5353FA6-1443-45B1-BA51-E0B54F0653B1}.Debug|Any CPU.ActiveCfg = Debug|Any CPU
		{D5353FA6-1443-45B1-BA51-E0B54F0653B1}.Debug|Any CPU.Build.0 = Debug|Any CPU
		{D5353FA6-1443-45B1-BA51-E0B54F0653B1}.Release|Any CPU.ActiveCfg = Release|Any CPU
		{D5353FA6-1443-45B1-BA51-E0B54F0653B1}.Release|Any CPU.Build.0 = Release|Any CPU
	EndGlobalSection
	GlobalSection(SolutionProperties) = preSolution
		HideSolutionNode = FALSE
	EndGlobalSection
	GlobalSection(ExtensibilityGlobals) = postSolution
		SolutionGuid = {5267784E-91A5-4961-8EE0-46DE509BA675}
	EndGlobalSection
EndGlobal
